
Microsoft Visual Studio Solution File, Format Version 12.00
# Visual Studio 15
VisualStudioVersion = 15.0.28307.645
MinimumVisualStudioVersion = 10.0.40219.1
Project("{FAE04EC0-301F-11D3-BF4B-00C04F79EFBC}") = "PhoneStore", "PhoneStore\PhoneStore.csproj", "{DC413B30-80F9-4961-A7D4-894F27033FA8}"
EndProject
Global
	GlobalSection(SolutionConfigurationPlatforms) = preSolution
		Debug|Any CPU = Debug|Any CPU
		Release|Any CPU = Release|Any CPU
	EndGlobalSection
	GlobalSection(ProjectConfigurationPlatforms) = postSolution
		{DC413B30-80F9-4961-A7D4-894F27033FA8}.Debug|Any CPU.ActiveCfg = Debug|Any CPU
		{DC413B30-80F9-4961-A7D4-894F27033FA8}.Debug|Any CPU.Build.0 = Debug|Any CPU
		{DC413B30-80F9-4961-A7D4-894F27033FA8}.Release|Any CPU.ActiveCfg = Release|Any CPU
		{DC413B30-80F9-4961-A7D4-894F27033FA8}.Release|Any CPU.Build.0 = Release|Any CPU
	EndGlobalSection
	GlobalSection(SolutionProperties) = preSolution
		HideSolutionNode = FALSE
	EndGlobalSection
	GlobalSection(ExtensibilityGlobals) = postSolution
		SolutionGuid = {E3BCBB6D-890C-4603-8AE4-550DB5CE45AB}
	EndGlobalSection
EndGlobal
